
Microsoft Visual Studio Solution File, Format Version 12.00
# Visual Studio Version 17
VisualStudioVersion = 17.3.32901.215
MinimumVisualStudioVersion = 10.0.40219.1
Project("{FAE04EC0-301F-11D3-BF4B-00C04F79EFBC}") = "stack 815", "stack 815\stack 815.csproj", "{A1403D7E-E322-4A9C-B572-6A17676BF889}"
EndProject
Global
	GlobalSection(SolutionConfigurationPlatforms) = preSolution
		Debug|Any CPU = Debug|Any CPU
		Release|Any CPU = Release|Any CPU
	EndGlobalSection
	GlobalSection(ProjectConfigurationPlatforms) = postSolution
		{A1403D7E-E322-4A9C-B572-6A17676BF889}.Debug|Any CPU.ActiveCfg = Debug|Any CPU
		{A1403D7E-E322-4A9C-B572-6A17676BF889}.Debug|Any CPU.Build.0 = Debug|Any CPU
		{A1403D7E-E322-4A9C-B572-6A17676BF889}.Release|Any CPU.ActiveCfg = Release|Any CPU
		{A1403D7E-E322-4A9C-B572-6A17676BF889}.Release|Any CPU.Build.0 = Release|Any CPU
	EndGlobalSection
	GlobalSection(SolutionProperties) = preSolution
		HideSolutionNode = FALSE
	EndGlobalSection
	GlobalSection(ExtensibilityGlobals) = postSolution
		SolutionGuid = {33B89407-E5F8-41BD-BA01-951634FFF89C}
	EndGlobalSection
EndGlobal
